
Microsoft Visual Studio Solution File, Format Version 12.00
# Visual Studio Version 16
VisualStudioVersion = 16.0.31515.178
MinimumVisualStudioVersion = 10.0.40219.1
Project("{8BC9CEB8-8B4A-11D0-8D11-00A0C91BC942}") = "UBUNTU_Game", "UBUNTU_Game\UBUNTU_Game.vcxproj", "{6B820A8A-386E-453B-B671-5D76B972CB34}"
EndProject
Global
	GlobalSection(SolutionConfigurationPlatforms) = preSolution
		Debug|x64 = Debug|x64
		Debug|x86 = Debug|x86
		Release|x64 = Release|x64
		Release|x86 = Release|x86
	EndGlobalSection
	GlobalSection(ProjectConfigurationPlatforms) = postSolution
		{6B820A8A-386E-453B-B671-5D76B972CB34}.Debug|x64.ActiveCfg = Debug|x64
		{6B820A8A-386E-453B-B671-5D76B972CB34}.Debug|x64.Build.0 = Debug|x64
		{6B820A8A-386E-453B-B671-5D76B972CB34}.Debug|x86.ActiveCfg = Debug|Win32
		{6B820A8A-386E-453B-B671-5D76B972CB34}.Debug|x86.Build.0 = Debug|Win32
		{6B820A8A-386E-453B-B671-5D76B972CB34}.Release|x64.ActiveCfg = Release|x64
		{6B820A8A-386E-453B-B671-5D76B972CB34}.Release|x64.Build.0 = Release|x64
		{6B820A8A-386E-453B-B671-5D76B972CB34}.Release|x86.ActiveCfg = Release|Win32
		{6B820A8A-386E-453B-B671-5D76B972CB34}.Release|x86.Build.0 = Release|Win32
	EndGlobalSection
	GlobalSection(SolutionProperties) = preSolution
		HideSolutionNode = FALSE
	EndGlobalSection
	GlobalSection(ExtensibilityGlobals) = postSolution
		SolutionGuid = {21E0AB1F-092D-41A9-99FD-F865E9D5EC0F}
	EndGlobalSection
EndGlobal
